
Microsoft Visual Studio Solution File, Format Version 12.00
Project("{2150E333-8FDC-42A3-9474-1A3956D46DE8}") = "Backend", "Backend", "{0635E7A8-7F52-4BFD-90FD-E580127E7BEA}"
EndProject
Project("{2150E333-8FDC-42A3-9474-1A3956D46DE8}") = "Frontend", "Frontend", "{A1F7419D-4B08-4D35-A2FA-EA361815F9C8}"
EndProject
Project("{2150E333-8FDC-42A3-9474-1A3956D46DE8}") = "Common", "Common", "{55826148-9A7E-4107-BFE1-226E5B0E6089}"
EndProject
Project("{FAE04EC0-301F-11D3-BF4B-00C04F79EFBC}") = "Server", "Backend\Server\Server.csproj", "{EAC341F7-D3FE-439B-9D73-47EA6DDBD626}"
EndProject
Project("{FAE04EC0-301F-11D3-BF4B-00C04F79EFBC}") = "Repository", "Backend\Repository\Repository.csproj", "{D10FD062-69F1-4A05-B51C-495E9D126E3B}"
EndProject
Project("{FAE04EC0-301F-11D3-BF4B-00C04F79EFBC}") = "Service", "Backend\Service\Service.csproj", "{47B56D08-0607-467C-9635-29EE1858640C}"
EndProject
Project("{FAE04EC0-301F-11D3-BF4B-00C04F79EFBC}") = "Mapper", "Backend\Mapper\Mapper.csproj", "{65BB7C63-0A64-4881-B7E7-308ED50B99F2}"
EndProject
Project("{FAE04EC0-301F-11D3-BF4B-00C04F79EFBC}") = "DataModel", "Backend\DataModel\DataModel.csproj", "{F2C4E605-E761-4CBA-9027-124EC5059386}"
EndProject
Project("{FAE04EC0-301F-11D3-BF4B-00C04F79EFBC}") = "Controllers", "Backend\Controllers\Controllers.csproj", "{893D5CB0-257F-4E07-9941-9BCDD8EB31B1}"
EndProject
Project("{FAE04EC0-301F-11D3-BF4B-00C04F79EFBC}") = "ApiFacade", "Common\ApiFacade\ApiFacade.csproj", "{5D7986B5-9699-4E99-991E-3D30AB8509BA}"
EndProject
Project("{FAE04EC0-301F-11D3-BF4B-00C04F79EFBC}") = "HubFacade", "Common\HubFacade\HubFacade.csproj", "{36001264-DCC7-45DD-9D7F-86981A66F596}"
EndProject
Project("{FAE04EC0-301F-11D3-BF4B-00C04F79EFBC}") = "Facade", "Common\Facade\Facade.csproj", "{893FE0E6-73C8-4EE0-BB24-E27B9D0B9E2F}"
EndProject
Project("{FAE04EC0-301F-11D3-BF4B-00C04F79EFBC}") = "Hub", "Backend\Hub\Hub.csproj", "{CF1391D4-D9DF-4F9A-BD4E-01262927CC45}"
EndProject
Project("{FAE04EC0-301F-11D3-BF4B-00C04F79EFBC}") = "ApiConnector", "Frontend\ApiConnector\ApiConnector.csproj", "{6CBC6BBF-31CD-470C-9DC5-458D139FC7D4}"
EndProject
Project("{FAE04EC0-301F-11D3-BF4B-00C04F79EFBC}") = "HubConnector", "Frontend\HubConnector\HubConnector.csproj", "{69DFB86E-BDE7-48D2-BA9A-7F8E4098CBBB}"
EndProject
Project("{FAE04EC0-301F-11D3-BF4B-00C04F79EFBC}") = "BlazorWebAssemblyApp", "Frontend\BlazorWebAssemblyApp\BlazorWebAssemblyApp.csproj", "{BD0CFBF6-06B9-4906-87E5-5852751FB2AE}"
EndProject
Global
	GlobalSection(SolutionConfigurationPlatforms) = preSolution
		Debug|Any CPU = Debug|Any CPU
		Release|Any CPU = Release|Any CPU
	EndGlobalSection
	GlobalSection(NestedProjects) = preSolution
		{EAC341F7-D3FE-439B-9D73-47EA6DDBD626} = {0635E7A8-7F52-4BFD-90FD-E580127E7BEA}
		{D10FD062-69F1-4A05-B51C-495E9D126E3B} = {0635E7A8-7F52-4BFD-90FD-E580127E7BEA}
		{47B56D08-0607-467C-9635-29EE1858640C} = {0635E7A8-7F52-4BFD-90FD-E580127E7BEA}
		{65BB7C63-0A64-4881-B7E7-308ED50B99F2} = {0635E7A8-7F52-4BFD-90FD-E580127E7BEA}
		{F2C4E605-E761-4CBA-9027-124EC5059386} = {0635E7A8-7F52-4BFD-90FD-E580127E7BEA}
		{893D5CB0-257F-4E07-9941-9BCDD8EB31B1} = {0635E7A8-7F52-4BFD-90FD-E580127E7BEA}
		{5D7986B5-9699-4E99-991E-3D30AB8509BA} = {55826148-9A7E-4107-BFE1-226E5B0E6089}
		{36001264-DCC7-45DD-9D7F-86981A66F596} = {55826148-9A7E-4107-BFE1-226E5B0E6089}
		{893FE0E6-73C8-4EE0-BB24-E27B9D0B9E2F} = {55826148-9A7E-4107-BFE1-226E5B0E6089}
		{CF1391D4-D9DF-4F9A-BD4E-01262927CC45} = {0635E7A8-7F52-4BFD-90FD-E580127E7BEA}
		{6CBC6BBF-31CD-470C-9DC5-458D139FC7D4} = {A1F7419D-4B08-4D35-A2FA-EA361815F9C8}
		{69DFB86E-BDE7-48D2-BA9A-7F8E4098CBBB} = {A1F7419D-4B08-4D35-A2FA-EA361815F9C8}
		{BD0CFBF6-06B9-4906-87E5-5852751FB2AE} = {A1F7419D-4B08-4D35-A2FA-EA361815F9C8}
	EndGlobalSection
	GlobalSection(ProjectConfigurationPlatforms) = postSolution
		{EAC341F7-D3FE-439B-9D73-47EA6DDBD626}.Debug|Any CPU.ActiveCfg = Debug|Any CPU
		{EAC341F7-D3FE-439B-9D73-47EA6DDBD626}.Debug|Any CPU.Build.0 = Debug|Any CPU
		{EAC341F7-D3FE-439B-9D73-47EA6DDBD626}.Release|Any CPU.ActiveCfg = Release|Any CPU
		{EAC341F7-D3FE-439B-9D73-47EA6DDBD626}.Release|Any CPU.Build.0 = Release|Any CPU
		{D10FD062-69F1-4A05-B51C-495E9D126E3B}.Debug|Any CPU.ActiveCfg = Debug|Any CPU
		{D10FD062-69F1-4A05-B51C-495E9D126E3B}.Debug|Any CPU.Build.0 = Debug|Any CPU
		{D10FD062-69F1-4A05-B51C-495E9D126E3B}.Release|Any CPU.ActiveCfg = Release|Any CPU
		{D10FD062-69F1-4A05-B51C-495E9D126E3B}.Release|Any CPU.Build.0 = Release|Any CPU
		{47B56D08-0607-467C-9635-29EE1858640C}.Debug|Any CPU.ActiveCfg = Debug|Any CPU
		{47B56D08-0607-467C-9635-29EE1858640C}.Debug|Any CPU.Build.0 = Debug|Any CPU
		{47B56D08-0607-467C-9635-29EE1858640C}.Release|Any CPU.ActiveCfg = Release|Any CPU
		{47B56D08-0607-467C-9635-29EE1858640C}.Release|Any CPU.Build.0 = Release|Any CPU
		{65BB7C63-0A64-4881-B7E7-308ED50B99F2}.Debug|Any CPU.ActiveCfg = Debug|Any CPU
		{65BB7C63-0A64-4881-B7E7-308ED50B99F2}.Debug|Any CPU.Build.0 = Debug|Any CPU
		{65BB7C63-0A64-4881-B7E7-308ED50B99F2}.Release|Any CPU.ActiveCfg = Release|Any CPU
		{65BB7C63-0A64-4881-B7E7-308ED50B99F2}.Release|Any CPU.Build.0 = Release|Any CPU
		{F2C4E605-E761-4CBA-9027-124EC5059386}.Debug|Any CPU.ActiveCfg = Debug|Any CPU
		{F2C4E605-E761-4CBA-9027-124EC5059386}.Debug|Any CPU.Build.0 = Debug|Any CPU
		{F2C4E605-E761-4CBA-9027-124EC5059386}.Release|Any CPU.ActiveCfg = Release|Any CPU
		{F2C4E605-E761-4CBA-9027-124EC5059386}.Release|Any CPU.Build.0 = Release|Any CPU
		{893D5CB0-257F-4E07-9941-9BCDD8EB31B1}.Debug|Any CPU.ActiveCfg = Debug|Any CPU
		{893D5CB0-257F-4E07-9941-9BCDD8EB31B1}.Debug|Any CPU.Build.0 = Debug|Any CPU
		{893D5CB0-257F-4E07-9941-9BCDD8EB31B1}.Release|Any CPU.ActiveCfg = Release|Any CPU
		{893D5CB0-257F-4E07-9941-9BCDD8EB31B1}.Release|Any CPU.Build.0 = Release|Any CPU
		{5D7986B5-9699-4E99-991E-3D30AB8509BA}.Debug|Any CPU.ActiveCfg = Debug|Any CPU
		{5D7986B5-9699-4E99-991E-3D30AB8509BA}.Debug|Any CPU.Build.0 = Debug|Any CPU
		{5D7986B5-9699-4E99-991E-3D30AB8509BA}.Release|Any CPU.ActiveCfg = Release|Any CPU
		{5D7986B5-9699-4E99-991E-3D30AB8509BA}.Release|Any CPU.Build.0 = Release|Any CPU
		{36001264-DCC7-45DD-9D7F-86981A66F596}.Debug|Any CPU.ActiveCfg = Debug|Any CPU
		{36001264-DCC7-45DD-9D7F-86981A66F596}.Debug|Any CPU.Build.0 = Debug|Any CPU
		{36001264-DCC7-45DD-9D7F-86981A66F596}.Release|Any CPU.ActiveCfg = Release|Any CPU
		{36001264-DCC7-45DD-9D7F-86981A66F596}.Release|Any CPU.Build.0 = Release|Any CPU
		{893FE0E6-73C8-4EE0-BB24-E27B9D0B9E2F}.Debug|Any CPU.ActiveCfg = Debug|Any CPU
		{893FE0E6-73C8-4EE0-BB24-E27B9D0B9E2F}.Debug|Any CPU.Build.0 = Debug|Any CPU
		{893FE0E6-73C8-4EE0-BB24-E27B9D0B9E2F}.Release|Any CPU.ActiveCfg = Release|Any CPU
		{893FE0E6-73C8-4EE0-BB24-E27B9D0B9E2F}.Release|Any CPU.Build.0 = Release|Any CPU
		{CF1391D4-D9DF-4F9A-BD4E-01262927CC45}.Debug|Any CPU.ActiveCfg = Debug|Any CPU
		{CF1391D4-D9DF-4F9A-BD4E-01262927CC45}.Debug|Any CPU.Build.0 = Debug|Any CPU
		{CF1391D4-D9DF-4F9A-BD4E-01262927CC45}.Release|Any CPU.ActiveCfg = Release|Any CPU
		{CF1391D4-D9DF-4F9A-BD4E-01262927CC45}.Release|Any CPU.Build.0 = Release|Any CPU
		{6CBC6BBF-31CD-470C-9DC5-458D139FC7D4}.Debug|Any CPU.ActiveCfg = Debug|Any CPU
		{6CBC6BBF-31CD-470C-9DC5-458D139FC7D4}.Debug|Any CPU.Build.0 = Debug|Any CPU
		{6CBC6BBF-31CD-470C-9DC5-458D139FC7D4}.Release|Any CPU.ActiveCfg = Release|Any CPU
		{6CBC6BBF-31CD-470C-9DC5-458D139FC7D4}.Release|Any CPU.Build.0 = Release|Any CPU
		{69DFB86E-BDE7-48D2-BA9A-7F8E4098CBBB}.Debug|Any CPU.ActiveCfg = Debug|Any CPU
		{69DFB86E-BDE7-48D2-BA9A-7F8E4098CBBB}.Debug|Any CPU.Build.0 = Debug|Any CPU
		{69DFB86E-BDE7-48D2-BA9A-7F8E4098CBBB}.Release|Any CPU.ActiveCfg = Release|Any CPU
		{69DFB86E-BDE7-48D2-BA9A-7F8E4098CBBB}.Release|Any CPU.Build.0 = Release|Any CPU
		{BD0CFBF6-06B9-4906-87E5-5852751FB2AE}.Debug|Any CPU.ActiveCfg = Debug|Any CPU
		{BD0CFBF6-06B9-4906-87E5-5852751FB2AE}.Debug|Any CPU.Build.0 = Debug|Any CPU
		{BD0CFBF6-06B9-4906-87E5-5852751FB2AE}.Release|Any CPU.ActiveCfg = Release|Any CPU
		{BD0CFBF6-06B9-4906-87E5-5852751FB2AE}.Release|Any CPU.Build.0 = Release|Any CPU
	EndGlobalSection
EndGlobal
